
Microsoft Visual Studio Solution File, Format Version 12.00
# Visual Studio Version 16
VisualStudioVersion = 16.0.30320.27
MinimumVisualStudioVersion = 10.0.40219.1
Project("{FAE04EC0-301F-11D3-BF4B-00C04F79EFBC}") = "Sistema-Punto-Venta", "Sistema-Punto-Venta\Sistema-Punto-Venta.csproj", "{157E3A61-9FE0-4DAC-8084-253C02A6E849}"
EndProject
Project("{FAE04EC0-301F-11D3-BF4B-00C04F79EFBC}") = "Models", "Models\Models.csproj", "{5A5AF4AE-D321-4268-BA5D-922D4ED7DE8B}"
EndProject
Project("{FAE04EC0-301F-11D3-BF4B-00C04F79EFBC}") = "ViewModels", "ViewModels\ViewModels.csproj", "{FC851200-0241-47D6-893D-0ABD13012B4F}"
EndProject
Global
	GlobalSection(SolutionConfigurationPlatforms) = preSolution
		Debug|Any CPU = Debug|Any CPU
		Release|Any CPU = Release|Any CPU
	EndGlobalSection
	GlobalSection(ProjectConfigurationPlatforms) = postSolution
		{157E3A61-9FE0-4DAC-8084-253C02A6E849}.Debug|Any CPU.ActiveCfg = Debug|Any CPU
		{157E3A61-9FE0-4DAC-8084-253C02A6E849}.Debug|Any CPU.Build.0 = Debug|Any CPU
		{157E3A61-9FE0-4DAC-8084-253C02A6E849}.Release|Any CPU.ActiveCfg = Release|Any CPU
		{157E3A61-9FE0-4DAC-8084-253C02A6E849}.Release|Any CPU.Build.0 = Release|Any CPU
		{5A5AF4AE-D321-4268-BA5D-922D4ED7DE8B}.Debug|Any CPU.ActiveCfg = Debug|Any CPU
		{5A5AF4AE-D321-4268-BA5D-922D4ED7DE8B}.Debug|Any CPU.Build.0 = Debug|Any CPU
		{5A5AF4AE-D321-4268-BA5D-922D4ED7DE8B}.Release|Any CPU.ActiveCfg = Release|Any CPU
		{5A5AF4AE-D321-4268-BA5D-922D4ED7DE8B}.Release|Any CPU.Build.0 = Release|Any CPU
		{FC851200-0241-47D6-893D-0ABD13012B4F}.Debug|Any CPU.ActiveCfg = Debug|Any CPU
		{FC851200-0241-47D6-893D-0ABD13012B4F}.Debug|Any CPU.Build.0 = Debug|Any CPU
		{FC851200-0241-47D6-893D-0ABD13012B4F}.Release|Any CPU.ActiveCfg = Release|Any CPU
		{FC851200-0241-47D6-893D-0ABD13012B4F}.Release|Any CPU.Build.0 = Release|Any CPU
	EndGlobalSection
	GlobalSection(SolutionProperties) = preSolution
		HideSolutionNode = FALSE
	EndGlobalSection
	GlobalSection(ExtensibilityGlobals) = postSolution
		SolutionGuid = {33983A12-EFF9-46E9-ADFA-EE99E496E8C7}
	EndGlobalSection
EndGlobal
